// !$*UTF8*$!
{
	archiveVersion = 1;
	classes = {
	};
	objectVersion = 46;
	objects = {

/* Begin PBXBuildFile section */
		CBBE1AC21C2DD0F40027C0B8 /* AppDelegate.swift in Sources */ = {isa = PBXBuildFile; fileRef = CBBE1AC11C2DD0F40027C0B8 /* AppDelegate.swift */; };
		CBBE1AC51C2DD0F40027C0B8 /* MoneyTrack.xcdatamodeld in Sources */ = {isa = PBXBuildFile; fileRef = CBBE1AC31C2DD0F40027C0B8 /* MoneyTrack.xcdatamodeld */; };
		CBBE1AC71C2DD0F40027C0B8 /* ViewController.swift in Sources */ = {isa = PBXBuildFile; fileRef = CBBE1AC61C2DD0F40027C0B8 /* ViewController.swift */; };
		CBBE1ACA1C2DD0F40027C0B8 /* Main.storyboard in Resources */ = {isa = PBXBuildFile; fileRef = CBBE1AC81C2DD0F40027C0B8 /* Main.storyboard */; };
		CBBE1ACC1C2DD0F40027C0B8 /* Images.xcassets in Resources */ = {isa = PBXBuildFile; fileRef = CBBE1ACB1C2DD0F40027C0B8 /* Images.xcassets */; };
		CBBE1ACF1C2DD0F40027C0B8 /* LaunchScreen.xib in Resources */ = {isa = PBXBuildFile; fileRef = CBBE1ACD1C2DD0F40027C0B8 /* LaunchScreen.xib */; };
		CBBE1ADB1C2DD0F40027C0B8 /* MoneyTrackTests.swift in Sources */ = {isa = PBXBuildFile; fileRef = CBBE1ADA1C2DD0F40027C0B8 /* MoneyTrackTests.swift */; };
/* End PBXBuildFile section */

/* Begin PBXContainerItemProxy section */
		CBBE1AD51C2DD0F40027C0B8 /* PBXContainerItemProxy */ = {
			isa = PBXContainerItemProxy;
			containerPortal = CBBE1AB41C2DD0F40027C0B8 /* Project object */;
			proxyType = 1;
			remoteGlobalIDString = CBBE1ABB1C2DD0F40027C0B8;
			remoteInfo = MoneyTrack;
		};
/* End PBXContainerItemProxy section */

/* Begin PBXFileReference section */
		CBBE1ABC1C2DD0F40027C0B8 /* MoneyTrack.app */ = {isa = PBXFileReference; explicitFileType = wrapper.application; includeInIndex = 0; path = MoneyTrack.app; sourceTree = BUILT_PRODUCTS_DIR; };
		CBBE1AC01C2DD0F40027C0B8 /* Info.plist */ = {isa = PBXFileReference; lastKnownFileType = text.plist.xml; path = Info.plist; sourceTree = "<group>"; };
		CBBE1AC11C2DD0F40027C0B8 /* AppDelegate.swift */ = {isa = PBXFileReference; lastKnownFileType = sourcecode.swift; path = AppDelegate.swift; sourceTree = "<group>"; };
		CBBE1AC41C2DD0F40027C0B8 /* MoneyTrack.xcdatamodel */ = {isa = PBXFileReference; lastKnownFileType = wrapper.xcdatamodel; path = MoneyTrack.xcdatamodel; sourceTree = "<group>"; };
		CBBE1AC61C2DD0F40027C0B8 /* ViewController.swift */ = {isa = PBXFileReference; lastKnownFileType = sourcecode.swift; path = ViewController.swift; sourceTree = "<group>"; };
		CBBE1AC91C2DD0F40027C0B8 /* Base */ = {isa = PBXFileReference; lastKnownFileType = file.storyboard; name = Base; path = Base.lproj/Main.storyboard; sourceTree = "<group>"; };
		CBBE1ACB1C2DD0F40027C0B8 /* Images.xcassets */ = {isa = PBXFileReference; lastKnownFileType = folder.assetcatalog; path = Images.xcassets; sourceTree = "<group>"; };
		CBBE1ACE1C2DD0F40027C0B8 /* Base */ = {isa = PBXFileReference; lastKnownFileType = file.xib; name = Base; path = Base.lproj/LaunchScreen.xib; sourceTree = "<group>"; };
		CBBE1AD41C2DD0F40027C0B8 /* MoneyTrackTests.xctest */ = {isa = PBXFileReference; explicitFileType = wrapper.cfbundle; includeInIndex = 0; path = MoneyTrackTests.xctest; sourceTree = BUILT_PRODUCTS_DIR; };
		CBBE1AD91C2DD0F40027C0B8 /* Info.plist */ = {isa = PBXFileReference; lastKnownFileType = text.plist.xml; path = Info.plist; sourceTree = "<group>"; };
		CBBE1ADA1C2DD0F40027C0B8 /* MoneyTrackTests.swift */ = {isa = PBXFileReference; lastKnownFileType = sourcecode.swift; path = MoneyTrackTests.swift; sourceTree = "<group>"; };
/* End PBXFileReference section */

/* Begin PBXFrameworksBuildPhase section */
		CBBE1AB91C2DD0F40027C0B8 /* Frameworks */ = {
			isa = PBXFrameworksBuildPhase;
			buildActionMask = 2147483647;
			files = (
			);
			runOnlyForDeploymentPostprocessing = 0;
		};
		CBBE1AD11C2DD0F40027C0B8 /* Frameworks */ = {
			isa = PBXFrameworksBuildPhase;
			buildActionMask = 2147483647;
			files = (
			);
			runOnlyForDeploymentPostprocessing = 0;
		};
/* End PBXFrameworksBuildPhase section */

/* Begin PBXGroup section */
		CBBE1AB31C2DD0F40027C0B8 = {
			isa = PBXGroup;
			children = (
				CBBE1ABE1C2DD0F40027C0B8 /* MoneyTrack */,
				CBBE1AD71C2DD0F40027C0B8 /* MoneyTrackTests */,
				CBBE1ABD1C2DD0F40027C0B8 /* Products */,
			);
			sourceTree = "<group>";
		};
		CBBE1ABD1C2DD0F40027C0B8 /* Products */ = {
			isa = PBXGroup;
			children = (
				CBBE1ABC1C2DD0F40027C0B8 /* MoneyTrack.app */,
				CBBE1AD41C2DD0F40027C0B8 /* MoneyTrackTests.xctest */,
			);
			name = Products;
			sourceTree = "<group>";
		};
		CBBE1ABE1C2DD0F40027C0B8 /* MoneyTrack */ = {
			isa = PBXGroup;
			children = (
				CBBE1AC11C2DD0F40027C0B8 /* AppDelegate.swift */,
				CBBE1AC61C2DD0F40027C0B8 /* ViewController.swift */,
				CBBE1AC81C2DD0F40027C0B8 /* Main.storyboard */,
				CBBE1ACB1C2DD0F40027C0B8 /* Images.xcassets */,
				CBBE1ACD1C2DD0F40027C0B8 /* LaunchScreen.xib */,
				CBBE1AC31C2DD0F40027C0B8 /* MoneyTrack.xcdatamodeld */,
				CBBE1ABF1C2DD0F40027C0B8 /* Supporting Files */,
			);
			path = MoneyTrack;
			sourceTree = "<group>";
		};
		CBBE1ABF1C2DD0F40027C0B8 /* Supporting Files */ = {
			isa = PBXGroup;
			children = (
				CBBE1AC01C2DD0F40027C0B8 /* Info.plist */,
			);
			name = "Supporting Files";
			sourceTree = "<group>";
		};
		CBBE1AD71C2DD0F40027C0B8 /* MoneyTrackTests */ = {
			isa = PBXGroup;
			children = (
				CBBE1ADA1C2DD0F40027C0B8 /* MoneyTrackTests.swift */,
				CBBE1AD81C2DD0F40027C0B8 /* Supporting Files */,
			);
			path = MoneyTrackTests;
			sourceTree = "<group>";
		};
		CBBE1AD81C2DD0F40027C0B8 /* Supporting Files */ = {
			isa = PBXGroup;
			children = (
				CBBE1AD91C2DD0F40027C0B8 /* Info.plist */,
			);
			name = "Supporting Files";
			sourceTree = "<group>";
		};
/* End PBXGroup section */

/* Begin PBXNativeTarget section */
		CBBE1ABB1C2DD0F40027C0B8 /* MoneyTrack */ = {
			isa = PBXNativeTarget;
			buildConfigurationList = CBBE1ADE1C2DD0F40027C0B8 /* Build configuration list for PBXNativeTarget "MoneyTrack" */;
			buildPhases = (
				CBBE1AB81C2DD0F40027C0B8 /* Sources */,
				CBBE1AB91C2DD0F40027C0B8 /* Frameworks */,
				CBBE1ABA1C2DD0F40027C0B8 /* Resources */,
			);
			buildRules = (
			);
			dependencies = (
			);
			name = MoneyTrack;
			productName = MoneyTrack;
			productReference = CBBE1ABC1C2DD0F40027C0B8 /* MoneyTrack.app */;
			productType = "com.apple.product-type.application";
		};
		CBBE1AD31C2DD0F40027C0B8 /* MoneyTrackTests */ = {
			isa = PBXNativeTarget;
			buildConfigurationList = CBBE1AE11C2DD0F40027C0B8 /* Build configuration list for PBXNativeTarget "MoneyTrackTests" */;
			buildPhases = (
				CBBE1AD01C2DD0F40027C0B8 /* Sources */,
				CBBE1AD11C2DD0F40027C0B8 /* Frameworks */,
				CBBE1AD21C2DD0F40027C0B8 /* Resources */,
			);
			buildRules = (
			);
			dependencies = (
				CBBE1AD61C2DD0F40027C0B8 /* PBXTargetDependency */,
			);
			name = MoneyTrackTests;
			productName = MoneyTrackTests;
			productReference = CBBE1AD41C2DD0F40027C0B8 /* MoneyTrackTests.xctest */;
			productType = "com.apple.product-type.bundle.unit-test";
		};
/* End PBXNativeTarget section */

/* Begin PBXProject section */
		CBBE1AB41C2DD0F40027C0B8 /* Project object */ = {
			isa = PBXProject;
			attributes = {
				LastUpgradeCheck = 0630;
				ORGANIZATIONNAME = "Srikant kumar jena";
				TargetAttributes = {
					CBBE1ABB1C2DD0F40027C0B8 = {
						CreatedOnToolsVersion = 6.3.1;
					};
					CBBE1AD31C2DD0F40027C0B8 = {
						CreatedOnToolsVersion = 6.3.1;
						TestTargetID = CBBE1ABB1C2DD0F40027C0B8;
					};
				};
			};
			buildConfigurationList = CBBE1AB71C2DD0F40027C0B8 /* Build configuration list for PBXProject "MoneyTrack" */;
			compatibilityVersion = "Xcode 3.2";
			developmentRegion = English;
			hasScannedForEncodings = 0;
			knownRegions = (
				en,
				Base,
			);
			mainGroup = CBBE1AB31C2DD0F40027C0B8;
			productRefGroup = CBBE1ABD1C2DD0F40027C0B8 /* Products */;
			projectDirPath = "";
			projectRoot = "";
			targets = (
				CBBE1ABB1C2DD0F40027C0B8 /* MoneyTrack */,
				CBBE1AD31C2DD0F40027C0B8 /* MoneyTrackTests */,
			);
		};
/* End PBXProject section */

/* Begin PBXResourcesBuildPhase section */
		CBBE1ABA1C2DD0F40027C0B8 /* Resources */ = {
			isa = PBXResourcesBuildPhase;
			buildActionMask = 2147483647;
			files = (
				CBBE1ACA1C2DD0F40027C0B8 /* Main.storyboard in Resources */,
				CBBE1ACF1C2DD0F40027C0B8 /* LaunchScreen.xib in Resources */,
				CBBE1ACC1C2DD0F40027C0B8 /* Images.xcassets in Resources */,
			);
			runOnlyForDeploymentPostprocessing = 0;
		};
		CBBE1AD21C2DD0F40027C0B8 /* Resources */ = {
			isa = PBXResourcesBuildPhase;
			buildActionMask = 2147483647;
			files = (
			);
			runOnlyForDeploymentPostprocessing = 0;
		};
/* End PBXResourcesBuildPhase section */

/* Begin PBXSourcesBuildPhase section */
		CBBE1AB81C2DD0F40027C0B8 /* Sources */ = {
			isa = PBXSourcesBuildPhase;
			buildActionMask = 2147483647;
			files = (
				CBBE1AC71C2DD0F40027C0B8 /* ViewController.swift in Sources */,
				CBBE1AC51C2DD0F40027C0B8 /* MoneyTrack.xcdatamodeld in Sources */,
				CBBE1AC21C2DD0F40027C0B8 /* AppDelegate.swift in Sources */,
			);
			runOnlyForDeploymentPostprocessing = 0;
		};
		CBBE1AD01C2DD0F40027C0B8 /* Sources */ = {
			isa = PBXSourcesBuildPhase;
			buildActionMask = 2147483647;
			files = (
				CBBE1ADB1C2DD0F40027C0B8 /* MoneyTrackTests.swift in Sources */,
			);
			runOnlyForDeploymentPostprocessing = 0;
		};
/* End PBXSourcesBuildPhase section */

/* Begin PBXTargetDependency section */
		CBBE1AD61C2DD0F40027C0B8 /* PBXTargetDependency */ = {
			isa = PBXTargetDependency;
			target = CBBE1ABB1C2DD0F40027C0B8 /* MoneyTrack */;
			targetProxy = CBBE1AD51C2DD0F40027C0B8 /* PBXContainerItemProxy */;
		};
/* End PBXTargetDependency section */

/* Begin PBXVariantGroup section */
		CBBE1AC81C2DD0F40027C0B8 /* Main.storyboard */ = {
			isa = PBXVariantGroup;
			children = (
				CBBE1AC91C2DD0F40027C0B8 /* Base */,
			);
			name = Main.storyboard;
			sourceTree = "<group>";
		};
		CBBE1ACD1C2DD0F40027C0B8 /* LaunchScreen.xib */ = {
			isa = PBXVariantGroup;
			children = (
				CBBE1ACE1C2DD0F40027C0B8 /* Base */,
			);
			name = LaunchScreen.xib;
			sourceTree = "<group>";
		};
/* End PBXVariantGroup section */

/* Begin XCBuildConfiguration section */
		CBBE1ADC1C2DD0F40027C0B8 /* Debug */ = {
			isa = XCBuildConfiguration;
			buildSettings = {
				ALWAYS_SEARCH_USER_PATHS = NO;
				CLANG_CXX_LANGUAGE_STANDARD = "gnu++0x";
				CLANG_CXX_LIBRARY = "libc++";
				CLANG_ENABLE_MODULES = YES;
				CLANG_ENABLE_OBJC_ARC = YES;
				CLANG_WARN_BOOL_CONVERSION = YES;
				CLANG_WARN_CONSTANT_CONVERSION = YES;
				CLANG_WARN_DIRECT_OBJC_ISA_USAGE = YES_ERROR;
				CLANG_WARN_EMPTY_BODY = YES;
				CLANG_WARN_ENUM_CONVERSION = YES;
				CLANG_WARN_INT_CONVERSION = YES;
				CLANG_WARN_OBJC_ROOT_CLASS = YES_ERROR;
				CLANG_WARN_UNREACHABLE_CODE = YES;
				CLANG_WARN__DUPLICATE_METHOD_MATCH = YES;
				"CODE_SIGN_IDENTITY[sdk=iphoneos*]" = "iPhone Developer";
				COPY_PHASE_STRIP = NO;
				DEBUG_INFORMATION_FORMAT = "dwarf-with-dsym";
				ENABLE_STRICT_OBJC_MSGSEND = YES;
				GCC_C_LANGUAGE_STANDARD = gnu99;
				GCC_DYNAMIC_NO_PIC = NO;
				GCC_NO_COMMON_BLOCKS = YES;
				GCC_OPTIMIZATION_LEVEL = 0;
				GCC_PREPROCESSOR_DEFINITIONS = (
					"DEBUG=1",
					"$(inherited)",
				);
				GCC_SYMBOLS_PRIVATE_EXTERN = NO;
				GCC_WARN_64_TO_32_BIT_CONVERSION = YES;
				GCC_WARN_ABOUT_RETURN_TYPE = YES_ERROR;
				GCC_WARN_UNDECLARED_SELECTOR = YES;
				GCC_WARN_UNINITIALIZED_AUTOS = YES_AGGRESSIVE;
				GCC_WARN_UNUSED_FUNCTION = YES;
				GCC_WARN_UNUSED_VARIABLE = YES;
				IPHONEOS_DEPLOYMENT_TARGET = 8.3;
				MTL_ENABLE_DEBUG_INFO = YES;
				ONLY_ACTIVE_ARCH = YES;
				SDKROOT = iphoneos;
				SWIFT_OPTIMIZATION_LEVEL = "-Onone";
				TARGETED_DEVICE_FAMILY = "1,2";
			};
			name = Debug;
		};
		CBBE1ADD1C2DD0F40027C0B8 /* Release */ = {
			isa = XCBuildConfiguration;
			buildSettings = {
				ALWAYS_SEARCH_USER_PATHS = NO;
				CLANG_CXX_LANGUAGE_STANDARD = "gnu++0x";
				CLANG_CXX_LIBRARY = "libc++";
				CLANG_ENABLE_MODULES = YES;
				CLANG_ENABLE_OBJC_ARC = YES;
				CLANG_WARN_BOOL_CONVERSION = YES;
				CLANG_WARN_CONSTANT_CONVERSION = YES;
				CLANG_WARN_DIRECT_OBJC_ISA_USAGE = YES_ERROR;
				CLANG_WARN_EMPTY_BODY = YES;
				CLANG_WARN_ENUM_CONVERSION = YES;
				CLANG_WARN_INT_CONVERSION = YES;
				CLANG_WARN_OBJC_ROOT_CLASS = YES_ERROR;
				CLANG_WARN_UNREACHABLE_CODE = YES;
				CLANG_WARN__DUPLICATE_METHOD_MATCH = YES;
				"CODE_SIGN_IDENTITY[sdk=iphoneos*]" = "iPhone Developer";
				COPY_PHASE_STRIP = NO;
				DEBUG_INFORMATION_FORMAT = "dwarf-with-dsym";
				ENABLE_NS_ASSERTIONS = NO;
				ENABLE_STRICT_OBJC_MSGSEND = YES;
				GCC_C_LANGUAGE_STANDARD = gnu99;
				GCC_NO_COMMON_BLOCKS = YES;
				GCC_WARN_64_TO_32_BIT_CONVERSION = YES;
				GCC_WARN_ABOUT_RETURN_TYPE = YES_ERROR;
				GCC_WARN_UNDECLARED_SELECTOR = YES;
				GCC_WARN_UNINITIALIZED_AUTOS = YES_AGGRESSIVE;
				GCC_WARN_UNUSED_FUNCTION = YES;
				GCC_WARN_UNUSED_VARIABLE = YES;
				IPHONEOS_DEPLOYMENT_TARGET = 8.3;
				MTL_ENABLE_DEBUG_INFO = NO;
				SDKROOT = iphoneos;
				TARGETED_DEVICE_FAMILY = "1,2";
				VALIDATE_PRODUCT = YES;
			};
			name = Release;
		};
		CBBE1ADF1C2DD0F40027C0B8 /* Debug */ = {
			isa = XCBuildConfiguration;
			buildSettings = {
				ASSETCATALOG_COMPILER_APPICON_NAME = AppIcon;
				INFOPLIST_FILE = MoneyTrack/Info.plist;
				LD_RUNPATH_SEARCH_PATHS = "$(inherited) @executable_path/Frameworks";
				PRODUCT_NAME = "$(TARGET_NAME)";
			};
			name = Debug;
		};
		CBBE1AE01C2DD0F40027C0B8 /* Release */ = {
			isa = XCBuildConfiguration;
			buildSettings = {
				ASSETCATALOG_COMPILER_APPICON_NAME = AppIcon;
				INFOPLIST_FILE = MoneyTrack/Info.plist;
				LD_RUNPATH_SEARCH_PATHS = "$(inherited) @executable_path/Frameworks";
				PRODUCT_NAME = "$(TARGET_NAME)";
			};
			name = Release;
		};
		CBBE1AE21C2DD0F40027C0B8 /* Debug */ = {
			isa = XCBuildConfiguration;
			buildSettings = {
				BUNDLE_LOADER = "$(TEST_HOST)";
				FRAMEWORK_SEARCH_PATHS = (
					"$(SDKROOT)/Developer/Library/Frameworks",
					"$(inherited)",
				);
				GCC_PREPROCESSOR_DEFINITIONS = (
					"DEBUG=1",
					"$(inherited)",
				);
				INFOPLIST_FILE = MoneyTrackTests/Info.plist;
				LD_RUNPATH_SEARCH_PATHS = "$(inherited) @executable_path/Frameworks @loader_path/Frameworks";
				PRODUCT_NAME = "$(TARGET_NAME)";
				TEST_HOST = "$(BUILT_PRODUCTS_DIR)/MoneyTrack.app/MoneyTrack";
			};
			name = Debug;
		};
		CBBE1AE31C2DD0F40027C0B8 /* Release */ = {
			isa = XCBuildConfiguration;
			buildSettings = {
				BUNDLE_LOADER = "$(TEST_HOST)";
				FRAMEWORK_SEARCH_PATHS = (
					"$(SDKROOT)/Developer/Library/Frameworks",
					"$(inherited)",
				);
				INFOPLIST_FILE = MoneyTrackTests/Info.plist;
				LD_RUNPATH_SEARCH_PATHS = "$(inherited) @executable_path/Frameworks @loader_path/Frameworks";
				PRODUCT_NAME = "$(TARGET_NAME)";
				TEST_HOST = "$(BUILT_PRODUCTS_DIR)/MoneyTrack.app/MoneyTrack";
			};
			name = Release;
		};
/* End XCBuildConfiguration section */

/* Begin XCConfigurationList section */
		CBBE1AB71C2DD0F40027C0B8 /* Build configuration list for PBXProject "MoneyTrack" */ = {
			isa = XCConfigurationList;
			buildConfigurations = (
				CBBE1ADC1C2DD0F40027C0B8 /* Debug */,
				CBBE1ADD1C2DD0F40027C0B8 /* Release */,
			);
			defaultConfigurationIsVisible = 0;
			defaultConfigurationName = Release;
		};
		CBBE1ADE1C2DD0F40027C0B8 /* Build configuration list for PBXNativeTarget "MoneyTrack" */ = {
			isa = XCConfigurationList;
			buildConfigurations = (
				CBBE1ADF1C2DD0F40027C0B8 /* Debug */,
				CBBE1AE01C2DD0F40027C0B8 /* Release */,
			);
			defaultConfigurationIsVisible = 0;
		};
		CBBE1AE11C2DD0F40027C0B8 /* Build configuration list for PBXNativeTarget "MoneyTrackTests" */ = {
			isa = XCConfigurationList;
			buildConfigurations = (
				CBBE1AE21C2DD0F40027C0B8 /* Debug */,
				CBBE1AE31C2DD0F40027C0B8 /* Release */,
			);
			defaultConfigurationIsVisible = 0;
		};
/* End XCConfigurationList section */

/* Begin XCVersionGroup section */
		CBBE1AC31C2DD0F40027C0B8 /* MoneyTrack.xcdatamodeld */ = {
			isa = XCVersionGroup;
			children = (
				CBBE1AC41C2DD0F40027C0B8 /* MoneyTrack.xcdatamodel */,
			);
			currentVersion = CBBE1AC41C2DD0F40027C0B8 /* MoneyTrack.xcdatamodel */;
			path = MoneyTrack.xcdatamodeld;
			sourceTree = "<group>";
			versionGroupType = wrapper.xcdatamodel;
		};
/* End XCVersionGroup section */
	};
	rootObject = CBBE1AB41C2DD0F40027C0B8 /* Project object */;
}
